
Microsoft Visual Studio Solution File, Format Version 12.00
Project("{FAE04EC0-301F-11D3-BF4B-00C04F79EFBC}") = "WebApplication2", "WebApplication2\WebApplication2.csproj", "{CFE4AFFC-0F3C-4056-893E-B291A0C1075C}"
EndProject
Global
	GlobalSection(SolutionConfigurationPlatforms) = preSolution
		Debug|Any CPU = Debug|Any CPU
		Release|Any CPU = Release|Any CPU
	EndGlobalSection
	GlobalSection(ProjectConfigurationPlatforms) = postSolution
		{CFE4AFFC-0F3C-4056-893E-B291A0C1075C}.Debug|Any CPU.ActiveCfg = Debug|Any CPU
		{CFE4AFFC-0F3C-4056-893E-B291A0C1075C}.Debug|Any CPU.Build.0 = Debug|Any CPU
		{CFE4AFFC-0F3C-4056-893E-B291A0C1075C}.Release|Any CPU.ActiveCfg = Release|Any CPU
		{CFE4AFFC-0F3C-4056-893E-B291A0C1075C}.Release|Any CPU.Build.0 = Release|Any CPU
	EndGlobalSection
EndGlobal
